
Microsoft Visual Studio Solution File, Format Version 12.00
# Visual Studio Version 17
VisualStudioVersion = 17.3.32901.215
MinimumVisualStudioVersion = 10.0.40219.1
Project("{9A19103F-16F7-4668-BE54-9A1E7A4F7556}") = "Lab__1", "Lab__\Lab__1.csproj", "{89BE88EF-88B5-4C15-AB85-580E641CD4C5}"
EndProject
Global
	GlobalSection(SolutionConfigurationPlatforms) = preSolution
		Debug|Any CPU = Debug|Any CPU
		Release|Any CPU = Release|Any CPU
	EndGlobalSection
	GlobalSection(ProjectConfigurationPlatforms) = postSolution
		{89BE88EF-88B5-4C15-AB85-580E641CD4C5}.Debug|Any CPU.ActiveCfg = Debug|Any CPU
		{89BE88EF-88B5-4C15-AB85-580E641CD4C5}.Debug|Any CPU.Build.0 = Debug|Any CPU
		{89BE88EF-88B5-4C15-AB85-580E641CD4C5}.Release|Any CPU.ActiveCfg = Release|Any CPU
		{89BE88EF-88B5-4C15-AB85-580E641CD4C5}.Release|Any CPU.Build.0 = Release|Any CPU
	EndGlobalSection
	GlobalSection(SolutionProperties) = preSolution
		HideSolutionNode = FALSE
	EndGlobalSection
	GlobalSection(ExtensibilityGlobals) = postSolution
		SolutionGuid = {C8307634-39A5-46D2-9865-2C2C9AA9E29E}
	EndGlobalSection
EndGlobal
